
Microsoft Visual Studio Solution File, Format Version 12.00
# Visual Studio Version 16
VisualStudioVersion = 16.0.31424.327
MinimumVisualStudioVersion = 10.0.40219.1
Project("{FAE04EC0-301F-11D3-BF4B-00C04F79EFBC}") = "classobj", "classobj.csproj", "{3AF1AB6F-A7DB-43CF-9F55-15FE384176A2}"
EndProject
Global
	GlobalSection(SolutionConfigurationPlatforms) = preSolution
		Debug|Any CPU = Debug|Any CPU
		Release|Any CPU = Release|Any CPU
	EndGlobalSection
	GlobalSection(ProjectConfigurationPlatforms) = postSolution
		{3AF1AB6F-A7DB-43CF-9F55-15FE384176A2}.Debug|Any CPU.ActiveCfg = Debug|Any CPU
		{3AF1AB6F-A7DB-43CF-9F55-15FE384176A2}.Debug|Any CPU.Build.0 = Debug|Any CPU
		{3AF1AB6F-A7DB-43CF-9F55-15FE384176A2}.Release|Any CPU.ActiveCfg = Release|Any CPU
		{3AF1AB6F-A7DB-43CF-9F55-15FE384176A2}.Release|Any CPU.Build.0 = Release|Any CPU
	EndGlobalSection
	GlobalSection(SolutionProperties) = preSolution
		HideSolutionNode = FALSE
	EndGlobalSection
	GlobalSection(ExtensibilityGlobals) = postSolution
		SolutionGuid = {FC3F9051-0620-4362-92B9-E4C8B7298084}
	EndGlobalSection
EndGlobal
