
Microsoft Visual Studio Solution File, Format Version 12.00
# Visual Studio Version 16
VisualStudioVersion = 16.0.31424.327
MinimumVisualStudioVersion = 10.0.40219.1
Project("{FAE04EC0-301F-11D3-BF4B-00C04F79EFBC}") = "upcasting", "upcasting.csproj", "{057FCECA-5033-457D-B3AF-08C9E269D736}"
EndProject
Global
	GlobalSection(SolutionConfigurationPlatforms) = preSolution
		Debug|Any CPU = Debug|Any CPU
		Release|Any CPU = Release|Any CPU
	EndGlobalSection
	GlobalSection(ProjectConfigurationPlatforms) = postSolution
		{057FCECA-5033-457D-B3AF-08C9E269D736}.Debug|Any CPU.ActiveCfg = Debug|Any CPU
		{057FCECA-5033-457D-B3AF-08C9E269D736}.Debug|Any CPU.Build.0 = Debug|Any CPU
		{057FCECA-5033-457D-B3AF-08C9E269D736}.Release|Any CPU.ActiveCfg = Release|Any CPU
		{057FCECA-5033-457D-B3AF-08C9E269D736}.Release|Any CPU.Build.0 = Release|Any CPU
	EndGlobalSection
	GlobalSection(SolutionProperties) = preSolution
		HideSolutionNode = FALSE
	EndGlobalSection
	GlobalSection(ExtensibilityGlobals) = postSolution
		SolutionGuid = {24F5E78F-DE52-4D9F-8467-9A66ACC2939A}
	EndGlobalSection
EndGlobal
